{
  "version": "5",
  "specifiers": {
    "jsr:@std/assert@1": "1.0.16",
    "jsr:@std/crypto@^1.0.5": "1.0.5",
    "jsr:@std/internal@^1.0.12": "1.0.12",
    "npm:js-md5@~0.8.3": "0.8.3"
  },
  "jsr": {
    "@std/assert@1.0.16": {
      "integrity": "6a7272ed1eaa77defe76e5ff63ca705d9c495077e2d5fd0126d2b53fc5bd6532",
      "dependencies": [
        "jsr:@std/internal"
      ]
    },
    "@std/crypto@1.0.5": {
      "integrity": "0dcfbb319fe0bba1bd3af904ceb4f948cde1b92979ec1614528380ed308a3b40"
    },
    "@std/internal@1.0.12": {
      "integrity": "972a634fd5bc34b242024402972cd5143eac68d8dffaca5eaa4dba30ce17b027"
    }
  },
  "npm": {
    "js-md5@0.8.3": {
      "integrity": "sha512-qR0HB5uP6wCuRMrWPTrkMaev7MJZwJuuw4fnwAzRgP4J4/F8RwtodOKpGp4XpqsLBFzzgqIO42efFAyz2Et6KQ=="
    }
  },
  "remote": {
    "https://esm.sh/crypto-js@4.2.0": "ec3f6f4c8302dec9992af0b1a94f993f621e71a12bdbb619041f2c718bd03fa2",
    "https://esm.sh/crypto-js@4.2.0/denonext/crypto-js.mjs": "9129ee3b2f1f43dfa949697ebf7974fdb763739510c0d8272475470df60d6f2b"
  },
  "workspace": {
    "dependencies": [
      "jsr:@std/assert@1",
      "jsr:@std/crypto@^1.0.5",
      "npm:js-md5@~0.8.3"
    ]
  }
}
